
Microsoft Visual Studio Solution File, Format Version 12.00
# Visual Studio Version 17
VisualStudioVersion = 17.11.35327.3
MinimumVisualStudioVersion = 10.0.40219.1
Project("{FAE04EC0-301F-11D3-BF4B-00C04F79EFBC}") = "Cental.EntityLayer", "Cental.EntityLayer\Cental.EntityLayer.csproj", "{8C70C9C3-2F63-4E7D-AD4C-C872820552A7}"
EndProject
Project("{FAE04EC0-301F-11D3-BF4B-00C04F79EFBC}") = "Cental.DataAccesLayer", "Cental.DataAccesLayer\Cental.DataAccesLayer.csproj", "{26AA9E62-C04D-4385-ABD6-E07A72E994CD}"
EndProject
Project("{FAE04EC0-301F-11D3-BF4B-00C04F79EFBC}") = "Cental.BusinessLayer", "Cental.BusinessLayer\Cental.BusinessLayer.csproj", "{6F698B1E-EB3B-4096-B9A7-5B1CF9AD5F42}"
EndProject
Project("{FAE04EC0-301F-11D3-BF4B-00C04F79EFBC}") = "Cental.DtoLayer", "Cental.DtoLayer\Cental.DtoLayer.csproj", "{7F0B72B1-C7FE-4FA5-978D-38CFF42662FE}"
EndProject
Project("{FAE04EC0-301F-11D3-BF4B-00C04F79EFBC}") = "Cental.WebUI", "Cental.WebUI\Cental.WebUI.csproj", "{28C3973F-6CA9-4849-BE16-D38105595FC8}"
EndProject
Global
	GlobalSection(SolutionConfigurationPlatforms) = preSolution
		Debug|Any CPU = Debug|Any CPU
		Release|Any CPU = Release|Any CPU
	EndGlobalSection
	GlobalSection(ProjectConfigurationPlatforms) = postSolution
		{8C70C9C3-2F63-4E7D-AD4C-C872820552A7}.Debug|Any CPU.ActiveCfg = Debug|Any CPU
		{8C70C9C3-2F63-4E7D-AD4C-C872820552A7}.Debug|Any CPU.Build.0 = Debug|Any CPU
		{8C70C9C3-2F63-4E7D-AD4C-C872820552A7}.Release|Any CPU.ActiveCfg = Release|Any CPU
		{8C70C9C3-2F63-4E7D-AD4C-C872820552A7}.Release|Any CPU.Build.0 = Release|Any CPU
		{26AA9E62-C04D-4385-ABD6-E07A72E994CD}.Debug|Any CPU.ActiveCfg = Debug|Any CPU
		{26AA9E62-C04D-4385-ABD6-E07A72E994CD}.Debug|Any CPU.Build.0 = Debug|Any CPU
		{26AA9E62-C04D-4385-ABD6-E07A72E994CD}.Release|Any CPU.ActiveCfg = Release|Any CPU
		{26AA9E62-C04D-4385-ABD6-E07A72E994CD}.Release|Any CPU.Build.0 = Release|Any CPU
		{6F698B1E-EB3B-4096-B9A7-5B1CF9AD5F42}.Debug|Any CPU.ActiveCfg = Debug|Any CPU
		{6F698B1E-EB3B-4096-B9A7-5B1CF9AD5F42}.Debug|Any CPU.Build.0 = Debug|Any CPU
		{6F698B1E-EB3B-4096-B9A7-5B1CF9AD5F42}.Release|Any CPU.ActiveCfg = Release|Any CPU
		{6F698B1E-EB3B-4096-B9A7-5B1CF9AD5F42}.Release|Any CPU.Build.0 = Release|Any CPU
		{7F0B72B1-C7FE-4FA5-978D-38CFF42662FE}.Debug|Any CPU.ActiveCfg = Debug|Any CPU
		{7F0B72B1-C7FE-4FA5-978D-38CFF42662FE}.Debug|Any CPU.Build.0 = Debug|Any CPU
		{7F0B72B1-C7FE-4FA5-978D-38CFF42662FE}.Release|Any CPU.ActiveCfg = Release|Any CPU
		{7F0B72B1-C7FE-4FA5-978D-38CFF42662FE}.Release|Any CPU.Build.0 = Release|Any CPU
		{28C3973F-6CA9-4849-BE16-D38105595FC8}.Debug|Any CPU.ActiveCfg = Debug|Any CPU
		{28C3973F-6CA9-4849-BE16-D38105595FC8}.Debug|Any CPU.Build.0 = Debug|Any CPU
		{28C3973F-6CA9-4849-BE16-D38105595FC8}.Release|Any CPU.ActiveCfg = Release|Any CPU
		{28C3973F-6CA9-4849-BE16-D38105595FC8}.Release|Any CPU.Build.0 = Release|Any CPU
	EndGlobalSection
	GlobalSection(SolutionProperties) = preSolution
		HideSolutionNode = FALSE
	EndGlobalSection
	GlobalSection(ExtensibilityGlobals) = postSolution
		SolutionGuid = {C461C6DC-9B79-4551-911E-621E9C05D638}
	EndGlobalSection
EndGlobal
